
Microsoft Visual Studio Solution File, Format Version 12.00
# Visual Studio 15
VisualStudioVersion = 15.0.26730.16
MinimumVisualStudioVersion = 10.0.40219.1
Project("{FAE04EC0-301F-11D3-BF4B-00C04F79EFBC}") = "test5", "test5\test5.csproj", "{AF3E70E2-309B-4B67-BF15-B83487942F1B}"
EndProject
Global
	GlobalSection(SolutionConfigurationPlatforms) = preSolution
		Debug|Any CPU = Debug|Any CPU
		Release|Any CPU = Release|Any CPU
	EndGlobalSection
	GlobalSection(ProjectConfigurationPlatforms) = postSolution
		{AF3E70E2-309B-4B67-BF15-B83487942F1B}.Debug|Any CPU.ActiveCfg = Debug|Any CPU
		{AF3E70E2-309B-4B67-BF15-B83487942F1B}.Debug|Any CPU.Build.0 = Debug|Any CPU
		{AF3E70E2-309B-4B67-BF15-B83487942F1B}.Release|Any CPU.ActiveCfg = Release|Any CPU
		{AF3E70E2-309B-4B67-BF15-B83487942F1B}.Release|Any CPU.Build.0 = Release|Any CPU
	EndGlobalSection
	GlobalSection(SolutionProperties) = preSolution
		HideSolutionNode = FALSE
	EndGlobalSection
	GlobalSection(ExtensibilityGlobals) = postSolution
		SolutionGuid = {3CE3ACBF-74BD-4EE9-85DF-8A13105115FF}
	EndGlobalSection
EndGlobal
